# THIS IS AN AUTOGENERATED FILE. DO NOT EDIT THIS FILE DIRECTLY.
# yarn lockfile v1


liquid-node@^3.0.1:
  version "3.0.1"
  resolved "https://registry.yarnpkg.com/liquid-node/-/liquid-node-3.0.1.tgz#16a7333f7f7229cd94ae06bd44ccd6249167c8d5"
  integrity sha512-jUgjr0PNwc+qoK2/kxy0DOajEW+uS2kQZjI3aQcwxmnuyRzo3Z8A4V6C+Gv0HvPmU2p9keqQORSG83epf/PFmw==
  dependencies:
    strftime "~0.9.2"

strftime@~0.9.2:
  version "0.9.2"
  resolved "https://registry.yarnpkg.com/strftime/-/strftime-0.9.2.tgz#bcca2861f29456d372aaf6a17811c8bc6f39f583"
  integrity sha1-vMooYfKUVtNyqvaheBHIvG859YM=
